
Microsoft Visual Studio Solution File, Format Version 12.00
# Visual Studio Version 16
VisualStudioVersion = 16.0.30804.86
MinimumVisualStudioVersion = 10.0.40219.1
Project("{FAE04EC0-301F-11D3-BF4B-00C04F79EFBC}") = "SellPlusTest", "SellPlusTest\SellPlusTest.csproj", "{ABD609B1-52E7-4390-A031-9C316019AE69}"
EndProject
Global
	GlobalSection(SolutionConfigurationPlatforms) = preSolution
		Debug|Any CPU = Debug|Any CPU
		Release|Any CPU = Release|Any CPU
	EndGlobalSection
	GlobalSection(ProjectConfigurationPlatforms) = postSolution
		{ABD609B1-52E7-4390-A031-9C316019AE69}.Debug|Any CPU.ActiveCfg = Debug|Any CPU
		{ABD609B1-52E7-4390-A031-9C316019AE69}.Debug|Any CPU.Build.0 = Debug|Any CPU
		{ABD609B1-52E7-4390-A031-9C316019AE69}.Release|Any CPU.ActiveCfg = Release|Any CPU
		{ABD609B1-52E7-4390-A031-9C316019AE69}.Release|Any CPU.Build.0 = Release|Any CPU
	EndGlobalSection
	GlobalSection(SolutionProperties) = preSolution
		HideSolutionNode = FALSE
	EndGlobalSection
	GlobalSection(ExtensibilityGlobals) = postSolution
		SolutionGuid = {144BE04D-EE95-46DE-B881-3F213413AE53}
	EndGlobalSection
EndGlobal
